
Microsoft Visual Studio Solution File, Format Version 12.00
# Visual Studio Version 16
VisualStudioVersion = 16.0.29418.71
MinimumVisualStudioVersion = 10.0.40219.1
Project("{9A19103F-16F7-4668-BE54-9A1E7A4F7556}") = "WebServerTransporter", "WebServerTransporter.csproj", "{6ED3B6C8-B9C2-4AF0-BFC7-F5CFAB12E086}"
EndProject
Project("{9A19103F-16F7-4668-BE54-9A1E7A4F7556}") = "razor", "samples\razor\razor.csproj", "{193A6498-6DBF-47F2-BA1E-21F68B2FC2AA}"
EndProject
Project("{9A19103F-16F7-4668-BE54-9A1E7A4F7556}") = "BatteryMonitor", "samples\BatteryMonitor\BatteryMonitor.csproj", "{231150B1-49C2-48BB-A950-C0B2A376C8A3}"
EndProject
Global
	GlobalSection(SolutionConfigurationPlatforms) = preSolution
		Debug|Any CPU = Debug|Any CPU
		Release|Any CPU = Release|Any CPU
	EndGlobalSection
	GlobalSection(ProjectConfigurationPlatforms) = postSolution
		{6ED3B6C8-B9C2-4AF0-BFC7-F5CFAB12E086}.Debug|Any CPU.ActiveCfg = Debug|Any CPU
		{6ED3B6C8-B9C2-4AF0-BFC7-F5CFAB12E086}.Debug|Any CPU.Build.0 = Debug|Any CPU
		{6ED3B6C8-B9C2-4AF0-BFC7-F5CFAB12E086}.Release|Any CPU.ActiveCfg = Release|Any CPU
		{6ED3B6C8-B9C2-4AF0-BFC7-F5CFAB12E086}.Release|Any CPU.Build.0 = Release|Any CPU
		{193A6498-6DBF-47F2-BA1E-21F68B2FC2AA}.Debug|Any CPU.ActiveCfg = Debug|Any CPU
		{193A6498-6DBF-47F2-BA1E-21F68B2FC2AA}.Debug|Any CPU.Build.0 = Debug|Any CPU
		{193A6498-6DBF-47F2-BA1E-21F68B2FC2AA}.Release|Any CPU.ActiveCfg = Release|Any CPU
		{193A6498-6DBF-47F2-BA1E-21F68B2FC2AA}.Release|Any CPU.Build.0 = Release|Any CPU
		{231150B1-49C2-48BB-A950-C0B2A376C8A3}.Debug|Any CPU.ActiveCfg = Debug|Any CPU
		{231150B1-49C2-48BB-A950-C0B2A376C8A3}.Debug|Any CPU.Build.0 = Debug|Any CPU
		{231150B1-49C2-48BB-A950-C0B2A376C8A3}.Release|Any CPU.ActiveCfg = Release|Any CPU
		{231150B1-49C2-48BB-A950-C0B2A376C8A3}.Release|Any CPU.Build.0 = Release|Any CPU
	EndGlobalSection
	GlobalSection(SolutionProperties) = preSolution
		HideSolutionNode = FALSE
	EndGlobalSection
	GlobalSection(ExtensibilityGlobals) = postSolution
		SolutionGuid = {F038E5BA-FE10-4E7F-9F24-F6877615D171}
	EndGlobalSection
EndGlobal
