
Microsoft Visual Studio Solution File, Format Version 12.00
# Visual Studio Version 16
VisualStudioVersion = 16.0.29806.167
MinimumVisualStudioVersion = 10.0.40219.1
Project("{9A19103F-16F7-4668-BE54-9A1E7A4F7556}") = "WebServerTransporter", "..\..\WebServerTransporter.csproj", "{1908906E-E5FC-4AC0-9F72-F1DD553DEF1E}"
EndProject
Project("{9A19103F-16F7-4668-BE54-9A1E7A4F7556}") = "BatteryMonitor", "BatteryMonitor.csproj", "{D9FBAE9D-EC99-4BAD-ABC8-84A8E25CFC76}"
EndProject
Global
	GlobalSection(SolutionConfigurationPlatforms) = preSolution
		Debug|Any CPU = Debug|Any CPU
		Release|Any CPU = Release|Any CPU
	EndGlobalSection
	GlobalSection(ProjectConfigurationPlatforms) = postSolution
		{1908906E-E5FC-4AC0-9F72-F1DD553DEF1E}.Debug|Any CPU.ActiveCfg = Debug|Any CPU
		{1908906E-E5FC-4AC0-9F72-F1DD553DEF1E}.Debug|Any CPU.Build.0 = Debug|Any CPU
		{1908906E-E5FC-4AC0-9F72-F1DD553DEF1E}.Release|Any CPU.ActiveCfg = Release|Any CPU
		{1908906E-E5FC-4AC0-9F72-F1DD553DEF1E}.Release|Any CPU.Build.0 = Release|Any CPU
		{D9FBAE9D-EC99-4BAD-ABC8-84A8E25CFC76}.Debug|Any CPU.ActiveCfg = Debug|Any CPU
		{D9FBAE9D-EC99-4BAD-ABC8-84A8E25CFC76}.Debug|Any CPU.Build.0 = Debug|Any CPU
		{D9FBAE9D-EC99-4BAD-ABC8-84A8E25CFC76}.Release|Any CPU.ActiveCfg = Release|Any CPU
		{D9FBAE9D-EC99-4BAD-ABC8-84A8E25CFC76}.Release|Any CPU.Build.0 = Release|Any CPU
	EndGlobalSection
	GlobalSection(SolutionProperties) = preSolution
		HideSolutionNode = FALSE
	EndGlobalSection
	GlobalSection(ExtensibilityGlobals) = postSolution
		SolutionGuid = {6BADC40E-AA26-484B-BC09-EF499959BCDF}
	EndGlobalSection
EndGlobal
